
Microsoft Visual Studio Solution File, Format Version 12.00
# Visual Studio Version 17
VisualStudioVersion = 17.2.32602.215
MinimumVisualStudioVersion = 10.0.40219.1
Project("{FAE04EC0-301F-11D3-BF4B-00C04F79EFBC}") = "DevCard_project2", "DevCard_project2\DevCard_project2.csproj", "{37B340DF-7BDA-4209-B020-9E1FE127099F}"
EndProject
Global
	GlobalSection(SolutionConfigurationPlatforms) = preSolution
		Debug|Any CPU = Debug|Any CPU
		Release|Any CPU = Release|Any CPU
	EndGlobalSection
	GlobalSection(ProjectConfigurationPlatforms) = postSolution
		{37B340DF-7BDA-4209-B020-9E1FE127099F}.Debug|Any CPU.ActiveCfg = Debug|Any CPU
		{37B340DF-7BDA-4209-B020-9E1FE127099F}.Debug|Any CPU.Build.0 = Debug|Any CPU
		{37B340DF-7BDA-4209-B020-9E1FE127099F}.Release|Any CPU.ActiveCfg = Release|Any CPU
		{37B340DF-7BDA-4209-B020-9E1FE127099F}.Release|Any CPU.Build.0 = Release|Any CPU
	EndGlobalSection
	GlobalSection(SolutionProperties) = preSolution
		HideSolutionNode = FALSE
	EndGlobalSection
	GlobalSection(ExtensibilityGlobals) = postSolution
		SolutionGuid = {3FD1F8EF-6C93-4926-85F1-534D29B8C427}
	EndGlobalSection
EndGlobal
